
Microsoft Visual Studio Solution File, Format Version 12.00
# Visual Studio Version 16
VisualStudioVersion = 16.0.31112.23
MinimumVisualStudioVersion = 10.0.40219.1
Project("{9A19103F-16F7-4668-BE54-9A1E7A4F7556}") = "RataManager", "RataManager\RataManager.csproj", "{C157BF9B-9B07-41AA-89C4-95D08DCB5690}"
EndProject
Project("{9A19103F-16F7-4668-BE54-9A1E7A4F7556}") = "RataManager.Model", "RataManager.Model\RataManager.Model.csproj", "{D29D65AC-AED2-4AD7-8ACD-0A11801DF612}"
EndProject
Project("{FAE04EC0-301F-11D3-BF4B-00C04F79EFBC}") = "RataManager.Infrastructure.DbContext", "RataManager.Infrastructure.DbContext\RataManager.Infrastructure.DbContext.csproj", "{EF70285D-498E-4544-8ED8-F77214821EF8}"
EndProject
Project("{FAE04EC0-301F-11D3-BF4B-00C04F79EFBC}") = "RataManager.Infrastructure", "RataManager.Infrastructure\RataManager.Infrastructure.csproj", "{143CD3F5-E89D-4BEE-A8A1-F029075CAC16}"
EndProject
Global
	GlobalSection(SolutionConfigurationPlatforms) = preSolution
		Debug|Any CPU = Debug|Any CPU
		Release|Any CPU = Release|Any CPU
	EndGlobalSection
	GlobalSection(ProjectConfigurationPlatforms) = postSolution
		{C157BF9B-9B07-41AA-89C4-95D08DCB5690}.Debug|Any CPU.ActiveCfg = Debug|Any CPU
		{C157BF9B-9B07-41AA-89C4-95D08DCB5690}.Debug|Any CPU.Build.0 = Debug|Any CPU
		{C157BF9B-9B07-41AA-89C4-95D08DCB5690}.Release|Any CPU.ActiveCfg = Release|Any CPU
		{C157BF9B-9B07-41AA-89C4-95D08DCB5690}.Release|Any CPU.Build.0 = Release|Any CPU
		{D29D65AC-AED2-4AD7-8ACD-0A11801DF612}.Debug|Any CPU.ActiveCfg = Debug|Any CPU
		{D29D65AC-AED2-4AD7-8ACD-0A11801DF612}.Debug|Any CPU.Build.0 = Debug|Any CPU
		{D29D65AC-AED2-4AD7-8ACD-0A11801DF612}.Release|Any CPU.ActiveCfg = Release|Any CPU
		{D29D65AC-AED2-4AD7-8ACD-0A11801DF612}.Release|Any CPU.Build.0 = Release|Any CPU
		{EF70285D-498E-4544-8ED8-F77214821EF8}.Debug|Any CPU.ActiveCfg = Debug|Any CPU
		{EF70285D-498E-4544-8ED8-F77214821EF8}.Debug|Any CPU.Build.0 = Debug|Any CPU
		{EF70285D-498E-4544-8ED8-F77214821EF8}.Release|Any CPU.ActiveCfg = Release|Any CPU
		{EF70285D-498E-4544-8ED8-F77214821EF8}.Release|Any CPU.Build.0 = Release|Any CPU
		{143CD3F5-E89D-4BEE-A8A1-F029075CAC16}.Debug|Any CPU.ActiveCfg = Debug|Any CPU
		{143CD3F5-E89D-4BEE-A8A1-F029075CAC16}.Debug|Any CPU.Build.0 = Debug|Any CPU
		{143CD3F5-E89D-4BEE-A8A1-F029075CAC16}.Release|Any CPU.ActiveCfg = Release|Any CPU
		{143CD3F5-E89D-4BEE-A8A1-F029075CAC16}.Release|Any CPU.Build.0 = Release|Any CPU
	EndGlobalSection
	GlobalSection(SolutionProperties) = preSolution
		HideSolutionNode = FALSE
	EndGlobalSection
	GlobalSection(ExtensibilityGlobals) = postSolution
		SolutionGuid = {DC5D5C56-DC92-46F1-937E-4F0815627159}
	EndGlobalSection
EndGlobal
